
Microsoft Visual Studio Solution File, Format Version 12.00
# Visual Studio Version 16
VisualStudioVersion = 16.0.32126.315
MinimumVisualStudioVersion = 10.0.40219.1
Project("{FAE04EC0-301F-11D3-BF4B-00C04F79EFBC}") = "EComm.Server", "EComm\Server\EComm.Server.csproj", "{EC5E1398-8B7E-47DD-8E5D-E5E1473C260E}"
EndProject
Project("{FAE04EC0-301F-11D3-BF4B-00C04F79EFBC}") = "EComm.Client", "EComm\Client\EComm.Client.csproj", "{A5F789DD-A049-48A3-8DC0-8FB9F199550A}"
EndProject
Project("{FAE04EC0-301F-11D3-BF4B-00C04F79EFBC}") = "EComm.Shared", "EComm\Shared\EComm.Shared.csproj", "{F52D9258-FC1E-4A2A-9D61-EAA5235810CE}"
EndProject
Global
	GlobalSection(SolutionConfigurationPlatforms) = preSolution
		Debug|Any CPU = Debug|Any CPU
		Release|Any CPU = Release|Any CPU
	EndGlobalSection
	GlobalSection(ProjectConfigurationPlatforms) = postSolution
		{EC5E1398-8B7E-47DD-8E5D-E5E1473C260E}.Debug|Any CPU.ActiveCfg = Debug|Any CPU
		{EC5E1398-8B7E-47DD-8E5D-E5E1473C260E}.Debug|Any CPU.Build.0 = Debug|Any CPU
		{EC5E1398-8B7E-47DD-8E5D-E5E1473C260E}.Release|Any CPU.ActiveCfg = Release|Any CPU
		{EC5E1398-8B7E-47DD-8E5D-E5E1473C260E}.Release|Any CPU.Build.0 = Release|Any CPU
		{A5F789DD-A049-48A3-8DC0-8FB9F199550A}.Debug|Any CPU.ActiveCfg = Debug|Any CPU
		{A5F789DD-A049-48A3-8DC0-8FB9F199550A}.Debug|Any CPU.Build.0 = Debug|Any CPU
		{A5F789DD-A049-48A3-8DC0-8FB9F199550A}.Release|Any CPU.ActiveCfg = Release|Any CPU
		{A5F789DD-A049-48A3-8DC0-8FB9F199550A}.Release|Any CPU.Build.0 = Release|Any CPU
		{F52D9258-FC1E-4A2A-9D61-EAA5235810CE}.Debug|Any CPU.ActiveCfg = Debug|Any CPU
		{F52D9258-FC1E-4A2A-9D61-EAA5235810CE}.Debug|Any CPU.Build.0 = Debug|Any CPU
		{F52D9258-FC1E-4A2A-9D61-EAA5235810CE}.Release|Any CPU.ActiveCfg = Release|Any CPU
		{F52D9258-FC1E-4A2A-9D61-EAA5235810CE}.Release|Any CPU.Build.0 = Release|Any CPU
	EndGlobalSection
	GlobalSection(SolutionProperties) = preSolution
		HideSolutionNode = FALSE
	EndGlobalSection
	GlobalSection(ExtensibilityGlobals) = postSolution
		SolutionGuid = {3F1383B9-9418-409A-B4C5-44CBFEA06ED7}
	EndGlobalSection
EndGlobal
